
Microsoft Visual Studio Solution File, Format Version 12.00
# Visual Studio 15
VisualStudioVersion = 15.0.28010.2026
MinimumVisualStudioVersion = 10.0.40219.1
Project("{8BC9CEB8-8B4A-11D0-8D11-00A0C91BC942}") = "LL1", "LL1\LL1.vcxproj", "{EAE714B8-5E7A-4A17-8DA2-0FC1D0CA5EA7}"
EndProject
Global
	GlobalSection(SolutionConfigurationPlatforms) = preSolution
		Debug|x64 = Debug|x64
		Debug|x86 = Debug|x86
		Release|x64 = Release|x64
		Release|x86 = Release|x86
	EndGlobalSection
	GlobalSection(ProjectConfigurationPlatforms) = postSolution
		{EAE714B8-5E7A-4A17-8DA2-0FC1D0CA5EA7}.Debug|x64.ActiveCfg = Debug|x64
		{EAE714B8-5E7A-4A17-8DA2-0FC1D0CA5EA7}.Debug|x64.Build.0 = Debug|x64
		{EAE714B8-5E7A-4A17-8DA2-0FC1D0CA5EA7}.Debug|x86.ActiveCfg = Debug|Win32
		{EAE714B8-5E7A-4A17-8DA2-0FC1D0CA5EA7}.Debug|x86.Build.0 = Debug|Win32
		{EAE714B8-5E7A-4A17-8DA2-0FC1D0CA5EA7}.Release|x64.ActiveCfg = Release|x64
		{EAE714B8-5E7A-4A17-8DA2-0FC1D0CA5EA7}.Release|x64.Build.0 = Release|x64
		{EAE714B8-5E7A-4A17-8DA2-0FC1D0CA5EA7}.Release|x86.ActiveCfg = Release|Win32
		{EAE714B8-5E7A-4A17-8DA2-0FC1D0CA5EA7}.Release|x86.Build.0 = Release|Win32
	EndGlobalSection
	GlobalSection(SolutionProperties) = preSolution
		HideSolutionNode = FALSE
	EndGlobalSection
	GlobalSection(ExtensibilityGlobals) = postSolution
		SolutionGuid = {86DC220C-D28C-49B1-BBA4-85A647B34078}
	EndGlobalSection
EndGlobal
